{
    "_readme": [
        "This file locks the dependencies of your project to a known state",
        "Read more about it at https://getcomposer.org/doc/01-basic-usage.md#composer-lock-the-lock-file",
        "This file is @generated automatically"
    ],
    "content-hash": "bbbc42a408dc41d6fee7a9b5b89f5e8c",
    "packages": [
        {
            "name": "lucatume/klein52",
            "version": "1.1.0",
            "source": {
                "type": "git",
                "url": "https://github.com/lucatume/klein52.git",
                "reference": "c35ceff82d1907cfac27c51ec01d2efb14e51675"
            },
            "dist": {
                "type": "zip",
                "url": "https://api.github.com/repos/lucatume/klein52/zipball/c35ceff82d1907cfac27c51ec01d2efb14e51675",
                "reference": "c35ceff82d1907cfac27c51ec01d2efb14e51675",
                "shasum": ""
            },
            "require": {
                "php": ">=5.2.17",
                "xrstf/composer-php52": "1.*"
            },
            "require-dev": {
                "phpunit/phpunit-mock-objects-php52": "dev-1.1.0-php52",
                "phpunit/phpunit-php52": "dev-3.6.12-php52"
            },
            "type": "library",
            "autoload": {
                "files": [
                    "klein_load.php"
                ]
            },
            "notification-url": "https://packagist.org/downloads/",
            "license": [
                "MIT"
            ],
            "authors": [
                {
                    "name": "Chris O'Hara",
                    "email": "cohara87@gmail.com",
                    "homepage": "http://chris6f.com/",
                    "role": "Developer"
                },
                {
                    "name": "Luca Tumedei",
                    "email": "luca@theaveragedev.com",
                    "homepage": "http://theaveragedev.com",
                    "role": "PHP 5.2 adaptation"
                }
            ],
            "description": "A lightning fast router for PHP 5.2 (fork of chriso/klein.php) ",
            "homepage": "https://github.com/lucatume/klein.php",
            "keywords": [
                "boilerplate",
                "router",
                "routing",
                "sinatra"
            ],
            "time": "2017-10-03T11:09:29+00:00"
        },
        {
            "name": "xrstf/composer-php52",
            "version": "v1.0.20",
            "source": {
                "type": "git",
                "url": "https://github.com/composer-php52/composer-php52.git",
                "reference": "bd41459d5e27df8d33057842b32377c39e97a5a8"
            },
            "dist": {
                "type": "zip",
                "url": "https://api.github.com/repos/composer-php52/composer-php52/zipball/bd41459d5e27df8d33057842b32377c39e97a5a8",
                "reference": "bd41459d5e27df8d33057842b32377c39e97a5a8",
                "shasum": ""
            },
            "type": "library",
            "extra": {
                "branch-alias": {
                    "dev-default": "1.x-dev"
                }
            },
            "autoload": {
                "psr-0": {
                    "xrstf\\Composer52": "lib/"
                }
            },
            "notification-url": "https://packagist.org/downloads/",
            "license": [
                "MIT"
            ],
            "time": "2016-04-16T21:52:24+00:00"
        }
    ],
    "packages-dev": [],
    "aliases": [],
    "minimum-stability": "stable",
    "stability-flags": [],
    "prefer-stable": false,
    "prefer-lowest": false,
    "platform": [],
    "platform-dev": []
}
